# This file is automatically @generated by Cargo.
# It is not intended for manual editing.
version = 3

[[package]]
name = "Buffer"
version = "0.1.0"

[[package]]
name = "Scratch"
version = "0.1.0"

[[package]]
name = "client"
version = "0.1.0"

[[package]]
name = "galactic_client"
version = "0.1.0"
dependencies = [
 "Buffer",
 "packet",
]

[[package]]
name = "galactic_server"
version = "0.1.0"
dependencies = [
 "Buffer",
 "packet",
]

[[package]]
name = "packet"
version = "0.1.0"
dependencies = [
 "Buffer",
]

[[package]]
name = "packet_test"
version = "0.1.0"
dependencies = [
 "Buffer",
 "packet",
]

[[package]]
name = "server"
version = "0.1.0"
